// !$*UTF8*$!
{
	archiveVersion = 1;
	classes = {
	};
	objectVersion = 50;
	objects = {

/* Begin PBXBuildFile section */
		05CC600C32009B9A178CAB10 /* Pods_FlixUITests.framework in Frameworks */ = {isa = PBXBuildFile; fileRef = EA8AA387F51BF1592655323D /* Pods_FlixUITests.framework */; };
		6E0D7D513D127C15BCE96929 /* Pods_FlixTests.framework in Frameworks */ = {isa = PBXBuildFile; fileRef = 1370D5D63B9C7EAD9AA77411 /* Pods_FlixTests.framework */; };
		830591A5882E58CD6C1F93D5 /* Pods_Flix.framework in Frameworks */ = {isa = PBXBuildFile; fileRef = 08035BACFB336CC3E7ED7189 /* Pods_Flix.framework */; };
		D1A260B32214BFDE00151587 /* AppDelegate.swift in Sources */ = {isa = PBXBuildFile; fileRef = D1A260B22214BFDE00151587 /* AppDelegate.swift */; };
		D1A260B82214BFDE00151587 /* Main.storyboard in Resources */ = {isa = PBXBuildFile; fileRef = D1A260B62214BFDE00151587 /* Main.storyboard */; };
		D1A260BA2214BFE000151587 /* Assets.xcassets in Resources */ = {isa = PBXBuildFile; fileRef = D1A260B92214BFE000151587 /* Assets.xcassets */; };
		D1A260BD2214BFE000151587 /* LaunchScreen.storyboard in Resources */ = {isa = PBXBuildFile; fileRef = D1A260BB2214BFE000151587 /* LaunchScreen.storyboard */; };
		D1A260C82214BFE000151587 /* FlixTests.swift in Sources */ = {isa = PBXBuildFile; fileRef = D1A260C72214BFE000151587 /* FlixTests.swift */; };
		D1A260D32214BFE000151587 /* FlixUITests.swift in Sources */ = {isa = PBXBuildFile; fileRef = D1A260D22214BFE000151587 /* FlixUITests.swift */; };
		D1A260E12214C12A00151587 /* MoviesViewController.swift in Sources */ = {isa = PBXBuildFile; fileRef = D1A260E02214C12A00151587 /* MoviesViewController.swift */; };
		D1A260E32214D15B00151587 /* MovieCell.swift in Sources */ = {isa = PBXBuildFile; fileRef = D1A260E22214D15B00151587 /* MovieCell.swift */; };
/* End PBXBuildFile section */

/* Begin PBXContainerItemProxy section */
		D1A260C42214BFE000151587 /* PBXContainerItemProxy */ = {
			isa = PBXContainerItemProxy;
			containerPortal = D1A260A72214BFDE00151587 /* Project object */;
			proxyType = 1;
			remoteGlobalIDString = D1A260AE2214BFDE00151587;
			remoteInfo = Flix;
		};
		D1A260CF2214BFE000151587 /* PBXContainerItemProxy */ = {
			isa = PBXContainerItemProxy;
			containerPortal = D1A260A72214BFDE00151587 /* Project object */;
			proxyType = 1;
			remoteGlobalIDString = D1A260AE2214BFDE00151587;
			remoteInfo = Flix;
		};
/* End PBXContainerItemProxy section */

/* Begin PBXFileReference section */
		03197901560D8A171B956296 /* Pods-FlixUITests.debug.xcconfig */ = {isa = PBXFileReference; includeInIndex = 1; lastKnownFileType = text.xcconfig; name = "Pods-FlixUITests.debug.xcconfig"; path = "Target Support Files/Pods-FlixUITests/Pods-FlixUITests.debug.xcconfig"; sourceTree = "<group>"; };
		08035BACFB336CC3E7ED7189 /* Pods_Flix.framework */ = {isa = PBXFileReference; explicitFileType = wrapper.framework; includeInIndex = 0; path = Pods_Flix.framework; sourceTree = BUILT_PRODUCTS_DIR; };
		1370D5D63B9C7EAD9AA77411 /* Pods_FlixTests.framework */ = {isa = PBXFileReference; explicitFileType = wrapper.framework; includeInIndex = 0; path = Pods_FlixTests.framework; sourceTree = BUILT_PRODUCTS_DIR; };
		29E4585897045A0652309693 /* Pods-FlixUITests.release.xcconfig */ = {isa = PBXFileReference; includeInIndex = 1; lastKnownFileType = text.xcconfig; name = "Pods-FlixUITests.release.xcconfig"; path = "Target Support Files/Pods-FlixUITests/Pods-FlixUITests.release.xcconfig"; sourceTree = "<group>"; };
		3A055DFDD72002920F22BFE4 /* Pods-Flix.debug.xcconfig */ = {isa = PBXFileReference; includeInIndex = 1; lastKnownFileType = text.xcconfig; name = "Pods-Flix.debug.xcconfig"; path = "Target Support Files/Pods-Flix/Pods-Flix.debug.xcconfig"; sourceTree = "<group>"; };
		3CB7AF127FEE72610139FE47 /* Pods-FlixTests.release.xcconfig */ = {isa = PBXFileReference; includeInIndex = 1; lastKnownFileType = text.xcconfig; name = "Pods-FlixTests.release.xcconfig"; path = "Target Support Files/Pods-FlixTests/Pods-FlixTests.release.xcconfig"; sourceTree = "<group>"; };
		C5851ED74771677732FD3A0F /* Pods-Flix.release.xcconfig */ = {isa = PBXFileReference; includeInIndex = 1; lastKnownFileType = text.xcconfig; name = "Pods-Flix.release.xcconfig"; path = "Target Support Files/Pods-Flix/Pods-Flix.release.xcconfig"; sourceTree = "<group>"; };
		D1A260AF2214BFDE00151587 /* Flix.app */ = {isa = PBXFileReference; explicitFileType = wrapper.application; includeInIndex = 0; path = Flix.app; sourceTree = BUILT_PRODUCTS_DIR; };
		D1A260B22214BFDE00151587 /* AppDelegate.swift */ = {isa = PBXFileReference; lastKnownFileType = sourcecode.swift; path = AppDelegate.swift; sourceTree = "<group>"; };
		D1A260B72214BFDE00151587 /* Base */ = {isa = PBXFileReference; lastKnownFileType = file.storyboard; name = Base; path = Base.lproj/Main.storyboard; sourceTree = "<group>"; };
		D1A260B92214BFE000151587 /* Assets.xcassets */ = {isa = PBXFileReference; lastKnownFileType = folder.assetcatalog; path = Assets.xcassets; sourceTree = "<group>"; };
		D1A260BC2214BFE000151587 /* Base */ = {isa = PBXFileReference; lastKnownFileType = file.storyboard; name = Base; path = Base.lproj/LaunchScreen.storyboard; sourceTree = "<group>"; };
		D1A260BE2214BFE000151587 /* Info.plist */ = {isa = PBXFileReference; lastKnownFileType = text.plist.xml; path = Info.plist; sourceTree = "<group>"; };
		D1A260C32214BFE000151587 /* FlixTests.xctest */ = {isa = PBXFileReference; explicitFileType = wrapper.cfbundle; includeInIndex = 0; path = FlixTests.xctest; sourceTree = BUILT_PRODUCTS_DIR; };
		D1A260C72214BFE000151587 /* FlixTests.swift */ = {isa = PBXFileReference; lastKnownFileType = sourcecode.swift; path = FlixTests.swift; sourceTree = "<group>"; };
		D1A260C92214BFE000151587 /* Info.plist */ = {isa = PBXFileReference; lastKnownFileType = text.plist.xml; path = Info.plist; sourceTree = "<group>"; };
		D1A260CE2214BFE000151587 /* FlixUITests.xctest */ = {isa = PBXFileReference; explicitFileType = wrapper.cfbundle; includeInIndex = 0; path = FlixUITests.xctest; sourceTree = BUILT_PRODUCTS_DIR; };
		D1A260D22214BFE000151587 /* FlixUITests.swift */ = {isa = PBXFileReference; lastKnownFileType = sourcecode.swift; path = FlixUITests.swift; sourceTree = "<group>"; };
		D1A260D42214BFE000151587 /* Info.plist */ = {isa = PBXFileReference; lastKnownFileType = text.plist.xml; path = Info.plist; sourceTree = "<group>"; };
		D1A260E02214C12A00151587 /* MoviesViewController.swift */ = {isa = PBXFileReference; lastKnownFileType = sourcecode.swift; path = MoviesViewController.swift; sourceTree = "<group>"; };
		D1A260E22214D15B00151587 /* MovieCell.swift */ = {isa = PBXFileReference; lastKnownFileType = sourcecode.swift; path = MovieCell.swift; sourceTree = "<group>"; };
		D28455B672FEC4182F3CF3C0 /* Pods-FlixTests.debug.xcconfig */ = {isa = PBXFileReference; includeInIndex = 1; lastKnownFileType = text.xcconfig; name = "Pods-FlixTests.debug.xcconfig"; path = "Target Support Files/Pods-FlixTests/Pods-FlixTests.debug.xcconfig"; sourceTree = "<group>"; };
		EA8AA387F51BF1592655323D /* Pods_FlixUITests.framework */ = {isa = PBXFileReference; explicitFileType = wrapper.framework; includeInIndex = 0; path = Pods_FlixUITests.framework; sourceTree = BUILT_PRODUCTS_DIR; };
/* End PBXFileReference section */

/* Begin PBXFrameworksBuildPhase section */
		D1A260AC2214BFDE00151587 /* Frameworks */ = {
			isa = PBXFrameworksBuildPhase;
			buildActionMask = 2147483647;
			files = (
				830591A5882E58CD6C1F93D5 /* Pods_Flix.framework in Frameworks */,
			);
			runOnlyForDeploymentPostprocessing = 0;
		};
		D1A260C02214BFE000151587 /* Frameworks */ = {
			isa = PBXFrameworksBuildPhase;
			buildActionMask = 2147483647;
			files = (
				6E0D7D513D127C15BCE96929 /* Pods_FlixTests.framework in Frameworks */,
			);
			runOnlyForDeploymentPostprocessing = 0;
		};
		D1A260CB2214BFE000151587 /* Frameworks */ = {
			isa = PBXFrameworksBuildPhase;
			buildActionMask = 2147483647;
			files = (
				05CC600C32009B9A178CAB10 /* Pods_FlixUITests.framework in Frameworks */,
			);
			runOnlyForDeploymentPostprocessing = 0;
		};
/* End PBXFrameworksBuildPhase section */

/* Begin PBXGroup section */
		4C52438E6E70548DFFF16282 /* Pods */ = {
			isa = PBXGroup;
			children = (
				3A055DFDD72002920F22BFE4 /* Pods-Flix.debug.xcconfig */,
				C5851ED74771677732FD3A0F /* Pods-Flix.release.xcconfig */,
				D28455B672FEC4182F3CF3C0 /* Pods-FlixTests.debug.xcconfig */,
				3CB7AF127FEE72610139FE47 /* Pods-FlixTests.release.xcconfig */,
				03197901560D8A171B956296 /* Pods-FlixUITests.debug.xcconfig */,
				29E4585897045A0652309693 /* Pods-FlixUITests.release.xcconfig */,
			);
			name = Pods;
			path = Pods;
			sourceTree = "<group>";
		};
		D1A260A62214BFDE00151587 = {
			isa = PBXGroup;
			children = (
				D1A260B12214BFDE00151587 /* Flix */,
				D1A260C62214BFE000151587 /* FlixTests */,
				D1A260D12214BFE000151587 /* FlixUITests */,
				D1A260B02214BFDE00151587 /* Products */,
				4C52438E6E70548DFFF16282 /* Pods */,
				F046C934F8B56EE6FF0F5470 /* Frameworks */,
			);
			sourceTree = "<group>";
		};
		D1A260B02214BFDE00151587 /* Products */ = {
			isa = PBXGroup;
			children = (
				D1A260AF2214BFDE00151587 /* Flix.app */,
				D1A260C32214BFE000151587 /* FlixTests.xctest */,
				D1A260CE2214BFE000151587 /* FlixUITests.xctest */,
			);
			name = Products;
			sourceTree = "<group>";
		};
		D1A260B12214BFDE00151587 /* Flix */ = {
			isa = PBXGroup;
			children = (
				D1A260E02214C12A00151587 /* MoviesViewController.swift */,
				D1A260E22214D15B00151587 /* MovieCell.swift */,
				D1A260B22214BFDE00151587 /* AppDelegate.swift */,
				D1A260B62214BFDE00151587 /* Main.storyboard */,
				D1A260BB2214BFE000151587 /* LaunchScreen.storyboard */,
				D1A260B92214BFE000151587 /* Assets.xcassets */,
				D1A260BE2214BFE000151587 /* Info.plist */,
			);
			path = Flix;
			sourceTree = "<group>";
		};
		D1A260C62214BFE000151587 /* FlixTests */ = {
			isa = PBXGroup;
			children = (
				D1A260C72214BFE000151587 /* FlixTests.swift */,
				D1A260C92214BFE000151587 /* Info.plist */,
			);
			path = FlixTests;
			sourceTree = "<group>";
		};
		D1A260D12214BFE000151587 /* FlixUITests */ = {
			isa = PBXGroup;
			children = (
				D1A260D22214BFE000151587 /* FlixUITests.swift */,
				D1A260D42214BFE000151587 /* Info.plist */,
			);
			path = FlixUITests;
			sourceTree = "<group>";
		};
		F046C934F8B56EE6FF0F5470 /* Frameworks */ = {
			isa = PBXGroup;
			children = (
				08035BACFB336CC3E7ED7189 /* Pods_Flix.framework */,
				1370D5D63B9C7EAD9AA77411 /* Pods_FlixTests.framework */,
				EA8AA387F51BF1592655323D /* Pods_FlixUITests.framework */,
			);
			name = Frameworks;
			sourceTree = "<group>";
		};
/* End PBXGroup section */

/* Begin PBXNativeTarget section */
		D1A260AE2214BFDE00151587 /* Flix */ = {
			isa = PBXNativeTarget;
			buildConfigurationList = D1A260D72214BFE000151587 /* Build configuration list for PBXNativeTarget "Flix" */;
			buildPhases = (
				E1293278850EA951D76C52FF /* [CP] Check Pods Manifest.lock */,
				D1A260AB2214BFDE00151587 /* Sources */,
				D1A260AC2214BFDE00151587 /* Frameworks */,
				D1A260AD2214BFDE00151587 /* Resources */,
				ACA512D8590139C94B780096 /* [CP] Embed Pods Frameworks */,
			);
			buildRules = (
			);
			dependencies = (
			);
			name = Flix;
			productName = Flix;
			productReference = D1A260AF2214BFDE00151587 /* Flix.app */;
			productType = "com.apple.product-type.application";
		};
		D1A260C22214BFE000151587 /* FlixTests */ = {
			isa = PBXNativeTarget;
			buildConfigurationList = D1A260DA2214BFE000151587 /* Build configuration list for PBXNativeTarget "FlixTests" */;
			buildPhases = (
				91FDBAFCC7DD2AAB1C2480BF /* [CP] Check Pods Manifest.lock */,
				D1A260BF2214BFE000151587 /* Sources */,
				D1A260C02214BFE000151587 /* Frameworks */,
				D1A260C12214BFE000151587 /* Resources */,
			);
			buildRules = (
			);
			dependencies = (
				D1A260C52214BFE000151587 /* PBXTargetDependency */,
			);
			name = FlixTests;
			productName = FlixTests;
			productReference = D1A260C32214BFE000151587 /* FlixTests.xctest */;
			productType = "com.apple.product-type.bundle.unit-test";
		};
		D1A260CD2214BFE000151587 /* FlixUITests */ = {
			isa = PBXNativeTarget;
			buildConfigurationList = D1A260DD2214BFE000151587 /* Build configuration list for PBXNativeTarget "FlixUITests" */;
			buildPhases = (
				F8F3D253EAC7A9E7A2215D58 /* [CP] Check Pods Manifest.lock */,
				D1A260CA2214BFE000151587 /* Sources */,
				D1A260CB2214BFE000151587 /* Frameworks */,
				D1A260CC2214BFE000151587 /* Resources */,
			);
			buildRules = (
			);
			dependencies = (
				D1A260D02214BFE000151587 /* PBXTargetDependency */,
			);
			name = FlixUITests;
			productName = FlixUITests;
			productReference = D1A260CE2214BFE000151587 /* FlixUITests.xctest */;
			productType = "com.apple.product-type.bundle.ui-testing";
		};
/* End PBXNativeTarget section */

/* Begin PBXProject section */
		D1A260A72214BFDE00151587 /* Project object */ = {
			isa = PBXProject;
			attributes = {
				LastSwiftUpdateCheck = 1010;
				LastUpgradeCheck = 1010;
				ORGANIZATIONNAME = "Ashik Chowdhury";
				TargetAttributes = {
					D1A260AE2214BFDE00151587 = {
						CreatedOnToolsVersion = 10.1;
					};
					D1A260C22214BFE000151587 = {
						CreatedOnToolsVersion = 10.1;
						TestTargetID = D1A260AE2214BFDE00151587;
					};
					D1A260CD2214BFE000151587 = {
						CreatedOnToolsVersion = 10.1;
						TestTargetID = D1A260AE2214BFDE00151587;
					};
				};
			};
			buildConfigurationList = D1A260AA2214BFDE00151587 /* Build configuration list for PBXProject "Flix" */;
			compatibilityVersion = "Xcode 9.3";
			developmentRegion = en;
			hasScannedForEncodings = 0;
			knownRegions = (
				en,
				Base,
			);
			mainGroup = D1A260A62214BFDE00151587;
			productRefGroup = D1A260B02214BFDE00151587 /* Products */;
			projectDirPath = "";
			projectRoot = "";
			targets = (
				D1A260AE2214BFDE00151587 /* Flix */,
				D1A260C22214BFE000151587 /* FlixTests */,
				D1A260CD2214BFE000151587 /* FlixUITests */,
			);
		};
/* End PBXProject section */

/* Begin PBXResourcesBuildPhase section */
		D1A260AD2214BFDE00151587 /* Resources */ = {
			isa = PBXResourcesBuildPhase;
			buildActionMask = 2147483647;
			files = (
				D1A260BD2214BFE000151587 /* LaunchScreen.storyboard in Resources */,
				D1A260BA2214BFE000151587 /* Assets.xcassets in Resources */,
				D1A260B82214BFDE00151587 /* Main.storyboard in Resources */,
			);
			runOnlyForDeploymentPostprocessing = 0;
		};
		D1A260C12214BFE000151587 /* Resources */ = {
			isa = PBXResourcesBuildPhase;
			buildActionMask = 2147483647;
			files = (
			);
			runOnlyForDeploymentPostprocessing = 0;
		};
		D1A260CC2214BFE000151587 /* Resources */ = {
			isa = PBXResourcesBuildPhase;
			buildActionMask = 2147483647;
			files = (
			);
			runOnlyForDeploymentPostprocessing = 0;
		};
/* End PBXResourcesBuildPhase section */

/* Begin PBXShellScriptBuildPhase section */
		91FDBAFCC7DD2AAB1C2480BF /* [CP] Check Pods Manifest.lock */ = {
			isa = PBXShellScriptBuildPhase;
			buildActionMask = 2147483647;
			files = (
			);
			inputFileListPaths = (
			);
			inputPaths = (
				"${PODS_PODFILE_DIR_PATH}/Podfile.lock",
				"${PODS_ROOT}/Manifest.lock",
			);
			name = "[CP] Check Pods Manifest.lock";
			outputFileListPaths = (
			);
			outputPaths = (
				"$(DERIVED_FILE_DIR)/Pods-FlixTests-checkManifestLockResult.txt",
			);
			runOnlyForDeploymentPostprocessing = 0;
			shellPath = /bin/sh;
			shellScript = "diff \"${PODS_PODFILE_DIR_PATH}/Podfile.lock\" \"${PODS_ROOT}/Manifest.lock\" > /dev/null\nif [ $? != 0 ] ; then\n    # print error to STDERR\n    echo \"error: The sandbox is not in sync with the Podfile.lock. Run 'pod install' or update your CocoaPods installation.\" >&2\n    exit 1\nfi\n# This output is used by Xcode 'outputs' to avoid re-running this script phase.\necho \"SUCCESS\" > \"${SCRIPT_OUTPUT_FILE_0}\"\n";
			showEnvVarsInLog = 0;
		};
		ACA512D8590139C94B780096 /* [CP] Embed Pods Frameworks */ = {
			isa = PBXShellScriptBuildPhase;
			buildActionMask = 2147483647;
			files = (
			);
			inputFileListPaths = (
			);
			inputPaths = (
				"${PODS_ROOT}/Target Support Files/Pods-Flix/Pods-Flix-frameworks.sh",
				"${BUILT_PRODUCTS_DIR}/Alamofire/Alamofire.framework",
				"${BUILT_PRODUCTS_DIR}/AlamofireImage/AlamofireImage.framework",
			);
			name = "[CP] Embed Pods Frameworks";
			outputFileListPaths = (
			);
			outputPaths = (
				"${TARGET_BUILD_DIR}/${FRAMEWORKS_FOLDER_PATH}/Alamofire.framework",
				"${TARGET_BUILD_DIR}/${FRAMEWORKS_FOLDER_PATH}/AlamofireImage.framework",
			);
			runOnlyForDeploymentPostprocessing = 0;
			shellPath = /bin/sh;
			shellScript = "\"${PODS_ROOT}/Target Support Files/Pods-Flix/Pods-Flix-frameworks.sh\"\n";
			showEnvVarsInLog = 0;
		};
		E1293278850EA951D76C52FF /* [CP] Check Pods Manifest.lock */ = {
			isa = PBXShellScriptBuildPhase;
			buildActionMask = 2147483647;
			files = (
			);
			inputFileListPaths = (
			);
			inputPaths = (
				"${PODS_PODFILE_DIR_PATH}/Podfile.lock",
				"${PODS_ROOT}/Manifest.lock",
			);
			name = "[CP] Check Pods Manifest.lock";
			outputFileListPaths = (
			);
			outputPaths = (
				"$(DERIVED_FILE_DIR)/Pods-Flix-checkManifestLockResult.txt",
			);
			runOnlyForDeploymentPostprocessing = 0;
			shellPath = /bin/sh;
			shellScript = "diff \"${PODS_PODFILE_DIR_PATH}/Podfile.lock\" \"${PODS_ROOT}/Manifest.lock\" > /dev/null\nif [ $? != 0 ] ; then\n    # print error to STDERR\n    echo \"error: The sandbox is not in sync with the Podfile.lock. Run 'pod install' or update your CocoaPods installation.\" >&2\n    exit 1\nfi\n# This output is used by Xcode 'outputs' to avoid re-running this script phase.\necho \"SUCCESS\" > \"${SCRIPT_OUTPUT_FILE_0}\"\n";
			showEnvVarsInLog = 0;
		};
		F8F3D253EAC7A9E7A2215D58 /* [CP] Check Pods Manifest.lock */ = {
			isa = PBXShellScriptBuildPhase;
			buildActionMask = 2147483647;
			files = (
			);
			inputFileListPaths = (
			);
			inputPaths = (
				"${PODS_PODFILE_DIR_PATH}/Podfile.lock",
				"${PODS_ROOT}/Manifest.lock",
			);
			name = "[CP] Check Pods Manifest.lock";
			outputFileListPaths = (
			);
			outputPaths = (
				"$(DERIVED_FILE_DIR)/Pods-FlixUITests-checkManifestLockResult.txt",
			);
			runOnlyForDeploymentPostprocessing = 0;
			shellPath = /bin/sh;
			shellScript = "diff \"${PODS_PODFILE_DIR_PATH}/Podfile.lock\" \"${PODS_ROOT}/Manifest.lock\" > /dev/null\nif [ $? != 0 ] ; then\n    # print error to STDERR\n    echo \"error: The sandbox is not in sync with the Podfile.lock. Run 'pod install' or update your CocoaPods installation.\" >&2\n    exit 1\nfi\n# This output is used by Xcode 'outputs' to avoid re-running this script phase.\necho \"SUCCESS\" > \"${SCRIPT_OUTPUT_FILE_0}\"\n";
			showEnvVarsInLog = 0;
		};
/* End PBXShellScriptBuildPhase section */

/* Begin PBXSourcesBuildPhase section */
		D1A260AB2214BFDE00151587 /* Sources */ = {
			isa = PBXSourcesBuildPhase;
			buildActionMask = 2147483647;
			files = (
				D1A260B32214BFDE00151587 /* AppDelegate.swift in Sources */,
				D1A260E12214C12A00151587 /* MoviesViewController.swift in Sources */,
				D1A260E32214D15B00151587 /* MovieCell.swift in Sources */,
			);
			runOnlyForDeploymentPostprocessing = 0;
		};
		D1A260BF2214BFE000151587 /* Sources */ = {
			isa = PBXSourcesBuildPhase;
			buildActionMask = 2147483647;
			files = (
				D1A260C82214BFE000151587 /* FlixTests.swift in Sources */,
			);
			runOnlyForDeploymentPostprocessing = 0;
		};
		D1A260CA2214BFE000151587 /* Sources */ = {
			isa = PBXSourcesBuildPhase;
			buildActionMask = 2147483647;
			files = (
				D1A260D32214BFE000151587 /* FlixUITests.swift in Sources */,
			);
			runOnlyForDeploymentPostprocessing = 0;
		};
/* End PBXSourcesBuildPhase section */

/* Begin PBXTargetDependency section */
		D1A260C52214BFE000151587 /* PBXTargetDependency */ = {
			isa = PBXTargetDependency;
			target = D1A260AE2214BFDE00151587 /* Flix */;
			targetProxy = D1A260C42214BFE000151587 /* PBXContainerItemProxy */;
		};
		D1A260D02214BFE000151587 /* PBXTargetDependency */ = {
			isa = PBXTargetDependency;
			target = D1A260AE2214BFDE00151587 /* Flix */;
			targetProxy = D1A260CF2214BFE000151587 /* PBXContainerItemProxy */;
		};
/* End PBXTargetDependency section */

/* Begin PBXVariantGroup section */
		D1A260B62214BFDE00151587 /* Main.storyboard */ = {
			isa = PBXVariantGroup;
			children = (
				D1A260B72214BFDE00151587 /* Base */,
			);
			name = Main.storyboard;
			sourceTree = "<group>";
		};
		D1A260BB2214BFE000151587 /* LaunchScreen.storyboard */ = {
			isa = PBXVariantGroup;
			children = (
				D1A260BC2214BFE000151587 /* Base */,
			);
			name = LaunchScreen.storyboard;
			sourceTree = "<group>";
		};
/* End PBXVariantGroup section */

/* Begin XCBuildConfiguration section */
		D1A260D52214BFE000151587 /* Debug */ = {
			isa = XCBuildConfiguration;
			buildSettings = {
				ALWAYS_SEARCH_USER_PATHS = NO;
				CLANG_ANALYZER_NONNULL = YES;
				CLANG_ANALYZER_NUMBER_OBJECT_CONVERSION = YES_AGGRESSIVE;
				CLANG_CXX_LANGUAGE_STANDARD = "gnu++14";
				CLANG_CXX_LIBRARY = "libc++";
				CLANG_ENABLE_MODULES = YES;
				CLANG_ENABLE_OBJC_ARC = YES;
				CLANG_ENABLE_OBJC_WEAK = YES;
				CLANG_WARN_BLOCK_CAPTURE_AUTORELEASING = YES;
				CLANG_WARN_BOOL_CONVERSION = YES;
				CLANG_WARN_COMMA = YES;
				CLANG_WARN_CONSTANT_CONVERSION = YES;
				CLANG_WARN_DEPRECATED_OBJC_IMPLEMENTATIONS = YES;
				CLANG_WARN_DIRECT_OBJC_ISA_USAGE = YES_ERROR;
				CLANG_WARN_DOCUMENTATION_COMMENTS = YES;
				CLANG_WARN_EMPTY_BODY = YES;
				CLANG_WARN_ENUM_CONVERSION = YES;
				CLANG_WARN_INFINITE_RECURSION = YES;
				CLANG_WARN_INT_CONVERSION = YES;
				CLANG_WARN_NON_LITERAL_NULL_CONVERSION = YES;
				CLANG_WARN_OBJC_IMPLICIT_RETAIN_SELF = YES;
				CLANG_WARN_OBJC_LITERAL_CONVERSION = YES;
				CLANG_WARN_OBJC_ROOT_CLASS = YES_ERROR;
				CLANG_WARN_RANGE_LOOP_ANALYSIS = YES;
				CLANG_WARN_STRICT_PROTOTYPES = YES;
				CLANG_WARN_SUSPICIOUS_MOVE = YES;
				CLANG_WARN_UNGUARDED_AVAILABILITY = YES_AGGRESSIVE;
				CLANG_WARN_UNREACHABLE_CODE = YES;
				CLANG_WARN__DUPLICATE_METHOD_MATCH = YES;
				CODE_SIGN_IDENTITY = "iPhone Developer";
				COPY_PHASE_STRIP = NO;
				DEBUG_INFORMATION_FORMAT = dwarf;
				ENABLE_STRICT_OBJC_MSGSEND = YES;
				ENABLE_TESTABILITY = YES;
				GCC_C_LANGUAGE_STANDARD = gnu11;
				GCC_DYNAMIC_NO_PIC = NO;
				GCC_NO_COMMON_BLOCKS = YES;
				GCC_OPTIMIZATION_LEVEL = 0;
				GCC_PREPROCESSOR_DEFINITIONS = (
					"DEBUG=1",
					"$(inherited)",
				);
				GCC_WARN_64_TO_32_BIT_CONVERSION = YES;
				GCC_WARN_ABOUT_RETURN_TYPE = YES_ERROR;
				GCC_WARN_UNDECLARED_SELECTOR = YES;
				GCC_WARN_UNINITIALIZED_AUTOS = YES_AGGRESSIVE;
				GCC_WARN_UNUSED_FUNCTION = YES;
				GCC_WARN_UNUSED_VARIABLE = YES;
				IPHONEOS_DEPLOYMENT_TARGET = 12.1;
				MTL_ENABLE_DEBUG_INFO = INCLUDE_SOURCE;
				MTL_FAST_MATH = YES;
				ONLY_ACTIVE_ARCH = YES;
				SDKROOT = iphoneos;
				SWIFT_ACTIVE_COMPILATION_CONDITIONS = DEBUG;
				SWIFT_OPTIMIZATION_LEVEL = "-Onone";
			};
			name = Debug;
		};
		D1A260D62214BFE000151587 /* Release */ = {
			isa = XCBuildConfiguration;
			buildSettings = {
				ALWAYS_SEARCH_USER_PATHS = NO;
				CLANG_ANALYZER_NONNULL = YES;
				CLANG_ANALYZER_NUMBER_OBJECT_CONVERSION = YES_AGGRESSIVE;
				CLANG_CXX_LANGUAGE_STANDARD = "gnu++14";
				CLANG_CXX_LIBRARY = "libc++";
				CLANG_ENABLE_MODULES = YES;
				CLANG_ENABLE_OBJC_ARC = YES;
				CLANG_ENABLE_OBJC_WEAK = YES;
				CLANG_WARN_BLOCK_CAPTURE_AUTORELEASING = YES;
				CLANG_WARN_BOOL_CONVERSION = YES;
				CLANG_WARN_COMMA = YES;
				CLANG_WARN_CONSTANT_CONVERSION = YES;
				CLANG_WARN_DEPRECATED_OBJC_IMPLEMENTATIONS = YES;
				CLANG_WARN_DIRECT_OBJC_ISA_USAGE = YES_ERROR;
				CLANG_WARN_DOCUMENTATION_COMMENTS = YES;
				CLANG_WARN_EMPTY_BODY = YES;
				CLANG_WARN_ENUM_CONVERSION = YES;
				CLANG_WARN_INFINITE_RECURSION = YES;
				CLANG_WARN_INT_CONVERSION = YES;
				CLANG_WARN_NON_LITERAL_NULL_CONVERSION = YES;
				CLANG_WARN_OBJC_IMPLICIT_RETAIN_SELF = YES;
				CLANG_WARN_OBJC_LITERAL_CONVERSION = YES;
				CLANG_WARN_OBJC_ROOT_CLASS = YES_ERROR;
				CLANG_WARN_RANGE_LOOP_ANALYSIS = YES;
				CLANG_WARN_STRICT_PROTOTYPES = YES;
				CLANG_WARN_SUSPICIOUS_MOVE = YES;
				CLANG_WARN_UNGUARDED_AVAILABILITY = YES_AGGRESSIVE;
				CLANG_WARN_UNREACHABLE_CODE = YES;
				CLANG_WARN__DUPLICATE_METHOD_MATCH = YES;
				CODE_SIGN_IDENTITY = "iPhone Developer";
				COPY_PHASE_STRIP = NO;
				DEBUG_INFORMATION_FORMAT = "dwarf-with-dsym";
				ENABLE_NS_ASSERTIONS = NO;
				ENABLE_STRICT_OBJC_MSGSEND = YES;
				GCC_C_LANGUAGE_STANDARD = gnu11;
				GCC_NO_COMMON_BLOCKS = YES;
				GCC_WARN_64_TO_32_BIT_CONVERSION = YES;
				GCC_WARN_ABOUT_RETURN_TYPE = YES_ERROR;
				GCC_WARN_UNDECLARED_SELECTOR = YES;
				GCC_WARN_UNINITIALIZED_AUTOS = YES_AGGRESSIVE;
				GCC_WARN_UNUSED_FUNCTION = YES;
				GCC_WARN_UNUSED_VARIABLE = YES;
				IPHONEOS_DEPLOYMENT_TARGET = 12.1;
				MTL_ENABLE_DEBUG_INFO = NO;
				MTL_FAST_MATH = YES;
				SDKROOT = iphoneos;
				SWIFT_COMPILATION_MODE = wholemodule;
				SWIFT_OPTIMIZATION_LEVEL = "-O";
				VALIDATE_PRODUCT = YES;
			};
			name = Release;
		};
		D1A260D82214BFE000151587 /* Debug */ = {
			isa = XCBuildConfiguration;
			baseConfigurationReference = 3A055DFDD72002920F22BFE4 /* Pods-Flix.debug.xcconfig */;
			buildSettings = {
				ASSETCATALOG_COMPILER_APPICON_NAME = AppIcon;
				CODE_SIGN_STYLE = Automatic;
				DEVELOPMENT_TEAM = D66ABB7985;
				INFOPLIST_FILE = Flix/Info.plist;
				LD_RUNPATH_SEARCH_PATHS = (
					"$(inherited)",
					"@executable_path/Frameworks",
				);
				PRODUCT_BUNDLE_IDENTIFIER = com.chowdhuryashik.Flix;
				PRODUCT_NAME = "$(TARGET_NAME)";
				SWIFT_VERSION = 4.2;
				TARGETED_DEVICE_FAMILY = 1;
			};
			name = Debug;
		};
		D1A260D92214BFE000151587 /* Release */ = {
			isa = XCBuildConfiguration;
			baseConfigurationReference = C5851ED74771677732FD3A0F /* Pods-Flix.release.xcconfig */;
			buildSettings = {
				ASSETCATALOG_COMPILER_APPICON_NAME = AppIcon;
				CODE_SIGN_STYLE = Automatic;
				DEVELOPMENT_TEAM = D66ABB7985;
				INFOPLIST_FILE = Flix/Info.plist;
				LD_RUNPATH_SEARCH_PATHS = (
					"$(inherited)",
					"@executable_path/Frameworks",
				);
				PRODUCT_BUNDLE_IDENTIFIER = com.chowdhuryashik.Flix;
				PRODUCT_NAME = "$(TARGET_NAME)";
				SWIFT_VERSION = 4.2;
				TARGETED_DEVICE_FAMILY = 1;
			};
			name = Release;
		};
		D1A260DB2214BFE000151587 /* Debug */ = {
			isa = XCBuildConfiguration;
			baseConfigurationReference = D28455B672FEC4182F3CF3C0 /* Pods-FlixTests.debug.xcconfig */;
			buildSettings = {
				ALWAYS_EMBED_SWIFT_STANDARD_LIBRARIES = YES;
				BUNDLE_LOADER = "$(TEST_HOST)";
				CODE_SIGN_STYLE = Automatic;
				DEVELOPMENT_TEAM = D66ABB7985;
				INFOPLIST_FILE = FlixTests/Info.plist;
				LD_RUNPATH_SEARCH_PATHS = (
					"$(inherited)",
					"@executable_path/Frameworks",
					"@loader_path/Frameworks",
				);
				PRODUCT_BUNDLE_IDENTIFIER = com.chowdhuryashik.FlixTests;
				PRODUCT_NAME = "$(TARGET_NAME)";
				SWIFT_VERSION = 4.2;
				TARGETED_DEVICE_FAMILY = "1,2";
				TEST_HOST = "$(BUILT_PRODUCTS_DIR)/Flix.app/Flix";
			};
			name = Debug;
		};
		D1A260DC2214BFE000151587 /* Release */ = {
			isa = XCBuildConfiguration;
			baseConfigurationReference = 3CB7AF127FEE72610139FE47 /* Pods-FlixTests.release.xcconfig */;
			buildSettings = {
				ALWAYS_EMBED_SWIFT_STANDARD_LIBRARIES = YES;
				BUNDLE_LOADER = "$(TEST_HOST)";
				CODE_SIGN_STYLE = Automatic;
				DEVELOPMENT_TEAM = D66ABB7985;
				INFOPLIST_FILE = FlixTests/Info.plist;
				LD_RUNPATH_SEARCH_PATHS = (
					"$(inherited)",
					"@executable_path/Frameworks",
					"@loader_path/Frameworks",
				);
				PRODUCT_BUNDLE_IDENTIFIER = com.chowdhuryashik.FlixTests;
				PRODUCT_NAME = "$(TARGET_NAME)";
				SWIFT_VERSION = 4.2;
				TARGETED_DEVICE_FAMILY = "1,2";
				TEST_HOST = "$(BUILT_PRODUCTS_DIR)/Flix.app/Flix";
			};
			name = Release;
		};
		D1A260DE2214BFE000151587 /* Debug */ = {
			isa = XCBuildConfiguration;
			baseConfigurationReference = 03197901560D8A171B956296 /* Pods-FlixUITests.debug.xcconfig */;
			buildSettings = {
				ALWAYS_EMBED_SWIFT_STANDARD_LIBRARIES = YES;
				CODE_SIGN_STYLE = Automatic;
				DEVELOPMENT_TEAM = D66ABB7985;
				INFOPLIST_FILE = FlixUITests/Info.plist;
				LD_RUNPATH_SEARCH_PATHS = (
					"$(inherited)",
					"@executable_path/Frameworks",
					"@loader_path/Frameworks",
				);
				PRODUCT_BUNDLE_IDENTIFIER = com.chowdhuryashik.FlixUITests;
				PRODUCT_NAME = "$(TARGET_NAME)";
				SWIFT_VERSION = 4.2;
				TARGETED_DEVICE_FAMILY = "1,2";
				TEST_TARGET_NAME = Flix;
			};
			name = Debug;
		};
		D1A260DF2214BFE000151587 /* Release */ = {
			isa = XCBuildConfiguration;
			baseConfigurationReference = 29E4585897045A0652309693 /* Pods-FlixUITests.release.xcconfig */;
			buildSettings = {
				ALWAYS_EMBED_SWIFT_STANDARD_LIBRARIES = YES;
				CODE_SIGN_STYLE = Automatic;
				DEVELOPMENT_TEAM = D66ABB7985;
				INFOPLIST_FILE = FlixUITests/Info.plist;
				LD_RUNPATH_SEARCH_PATHS = (
					"$(inherited)",
					"@executable_path/Frameworks",
					"@loader_path/Frameworks",
				);
				PRODUCT_BUNDLE_IDENTIFIER = com.chowdhuryashik.FlixUITests;
				PRODUCT_NAME = "$(TARGET_NAME)";
				SWIFT_VERSION = 4.2;
				TARGETED_DEVICE_FAMILY = "1,2";
				TEST_TARGET_NAME = Flix;
			};
			name = Release;
		};
/* End XCBuildConfiguration section */

/* Begin XCConfigurationList section */
		D1A260AA2214BFDE00151587 /* Build configuration list for PBXProject "Flix" */ = {
			isa = XCConfigurationList;
			buildConfigurations = (
				D1A260D52214BFE000151587 /* Debug */,
				D1A260D62214BFE000151587 /* Release */,
			);
			defaultConfigurationIsVisible = 0;
			defaultConfigurationName = Release;
		};
		D1A260D72214BFE000151587 /* Build configuration list for PBXNativeTarget "Flix" */ = {
			isa = XCConfigurationList;
			buildConfigurations = (
				D1A260D82214BFE000151587 /* Debug */,
				D1A260D92214BFE000151587 /* Release */,
			);
			defaultConfigurationIsVisible = 0;
			defaultConfigurationName = Release;
		};
		D1A260DA2214BFE000151587 /* Build configuration list for PBXNativeTarget "FlixTests" */ = {
			isa = XCConfigurationList;
			buildConfigurations = (
				D1A260DB2214BFE000151587 /* Debug */,
				D1A260DC2214BFE000151587 /* Release */,
			);
			defaultConfigurationIsVisible = 0;
			defaultConfigurationName = Release;
		};
		D1A260DD2214BFE000151587 /* Build configuration list for PBXNativeTarget "FlixUITests" */ = {
			isa = XCConfigurationList;
			buildConfigurations = (
				D1A260DE2214BFE000151587 /* Debug */,
				D1A260DF2214BFE000151587 /* Release */,
			);
			defaultConfigurationIsVisible = 0;
			defaultConfigurationName = Release;
		};
/* End XCConfigurationList section */
	};
	rootObject = D1A260A72214BFDE00151587 /* Project object */;
}
